
Microsoft Visual Studio Solution File, Format Version 12.00
# Visual Studio Version 16
VisualStudioVersion = 16.0.33027.164
MinimumVisualStudioVersion = 10.0.40219.1
Project("{FAE04EC0-301F-11D3-BF4B-00C04F79EFBC}") = "FirebasePhoneAuth", "FirebasePhoneAuth.csproj", "{6AB3F984-26AD-4290-BAF1-19B852A3436E}"
EndProject
Global
	GlobalSection(SolutionConfigurationPlatforms) = preSolution
		Debug|Any CPU = Debug|Any CPU
		Release|Any CPU = Release|Any CPU
	EndGlobalSection
	GlobalSection(ProjectConfigurationPlatforms) = postSolution
		{6AB3F984-26AD-4290-BAF1-19B852A3436E}.Debug|Any CPU.ActiveCfg = Debug|Any CPU
		{6AB3F984-26AD-4290-BAF1-19B852A3436E}.Debug|Any CPU.Build.0 = Debug|Any CPU
		{6AB3F984-26AD-4290-BAF1-19B852A3436E}.Release|Any CPU.ActiveCfg = Release|Any CPU
		{6AB3F984-26AD-4290-BAF1-19B852A3436E}.Release|Any CPU.Build.0 = Release|Any CPU
	EndGlobalSection
	GlobalSection(SolutionProperties) = preSolution
		HideSolutionNode = FALSE
	EndGlobalSection
	GlobalSection(ExtensibilityGlobals) = postSolution
		SolutionGuid = {8122B624-C1BC-489D-9EF0-D2FE64B28BD5}
	EndGlobalSection
EndGlobal
